
Microsoft Visual Studio Solution File, Format Version 12.00
Project("{FAE04EC0-301F-11D3-BF4B-00C04F79EFBC}") = "VideoRentalService", "VideoRentalService\VideoRentalService.csproj", "{49DB4918-0AD2-45ED-BB4F-39B4AE1DD49C}"
EndProject
Global
	GlobalSection(SolutionConfigurationPlatforms) = preSolution
		Debug|Any CPU = Debug|Any CPU
		Release|Any CPU = Release|Any CPU
	EndGlobalSection
	GlobalSection(ProjectConfigurationPlatforms) = postSolution
		{49DB4918-0AD2-45ED-BB4F-39B4AE1DD49C}.Debug|Any CPU.ActiveCfg = Debug|Any CPU
		{49DB4918-0AD2-45ED-BB4F-39B4AE1DD49C}.Debug|Any CPU.Build.0 = Debug|Any CPU
		{49DB4918-0AD2-45ED-BB4F-39B4AE1DD49C}.Release|Any CPU.ActiveCfg = Release|Any CPU
		{49DB4918-0AD2-45ED-BB4F-39B4AE1DD49C}.Release|Any CPU.Build.0 = Release|Any CPU
	EndGlobalSection
EndGlobal
